github.com/Uchgur/dog v0.0.0-20240216145520-de75ed14084a h1:DQnP81G/Y+8u4f1Vi1SHnEfFUsFLN/F+UYUz3MUegrc=
github.com/Uchgur/dog v0.0.0-20240216145520-de75ed14084a/go.mod h1:yxHD0w6UIxUt6GbHe+zhfJnDLu0EecXoyRgtTdrjEdA=
github.com/Uchgur/dog v0.0.0-20240216150807-e5f4d4cb5a47 h1:XXgtyxkqfexAS4VJgbgkLJElaxov5gvrECYcfximhT8=
github.com/Uchgur/dog v0.0.0-20240216150807-e5f4d4cb5a47/go.mod h1:yxHD0w6UIxUt6GbHe+zhfJnDLu0EecXoyRgtTdrjEdA=
